
Microsoft Visual Studio Solution File, Format Version 12.00
# Visual Studio Version 16
VisualStudioVersion = 16.0.31105.61
MinimumVisualStudioVersion = 10.0.40219.1
Project("{FAE04EC0-301F-11D3-BF4B-00C04F79EFBC}") = "Api", "PiEnd\Api.csproj", "{A5D296C5-E58F-440C-A5B4-71BE6097D2C2}"
EndProject
Project("{FAE04EC0-301F-11D3-BF4B-00C04F79EFBC}") = "Api.Tests", "Api.Tests\Api.Tests.csproj", "{5328974C-F847-4C12-9677-4A341A2B3EFE}"
EndProject
Project("{FAE04EC0-301F-11D3-BF4B-00C04F79EFBC}") = "Cqrs", "Cqrs\Cqrs.csproj", "{6BDF6169-8FB4-418A-A21B-0F4069142162}"
EndProject
Project("{FAE04EC0-301F-11D3-BF4B-00C04F79EFBC}") = "DiscordBot", "DiscordBot\DiscordBot.csproj", "{F5A37957-FC2F-402F-9486-3E57AA916804}"
EndProject
Project("{FAE04EC0-301F-11D3-BF4B-00C04F79EFBC}") = "Api.Common", "Api.Common\Api.Common.csproj", "{A2492E8C-4F66-4C25-BB29-4E6A1B24688B}"
EndProject
Global
	GlobalSection(SolutionConfigurationPlatforms) = preSolution
		Debug|Any CPU = Debug|Any CPU
		Release|Any CPU = Release|Any CPU
	EndGlobalSection
	GlobalSection(ProjectConfigurationPlatforms) = postSolution
		{A5D296C5-E58F-440C-A5B4-71BE6097D2C2}.Debug|Any CPU.ActiveCfg = Debug|Any CPU
		{A5D296C5-E58F-440C-A5B4-71BE6097D2C2}.Debug|Any CPU.Build.0 = Debug|Any CPU
		{A5D296C5-E58F-440C-A5B4-71BE6097D2C2}.Release|Any CPU.ActiveCfg = Release|Any CPU
		{A5D296C5-E58F-440C-A5B4-71BE6097D2C2}.Release|Any CPU.Build.0 = Release|Any CPU
		{5328974C-F847-4C12-9677-4A341A2B3EFE}.Debug|Any CPU.ActiveCfg = Debug|Any CPU
		{5328974C-F847-4C12-9677-4A341A2B3EFE}.Debug|Any CPU.Build.0 = Debug|Any CPU
		{5328974C-F847-4C12-9677-4A341A2B3EFE}.Release|Any CPU.ActiveCfg = Release|Any CPU
		{5328974C-F847-4C12-9677-4A341A2B3EFE}.Release|Any CPU.Build.0 = Release|Any CPU
		{6BDF6169-8FB4-418A-A21B-0F4069142162}.Debug|Any CPU.ActiveCfg = Debug|Any CPU
		{6BDF6169-8FB4-418A-A21B-0F4069142162}.Debug|Any CPU.Build.0 = Debug|Any CPU
		{6BDF6169-8FB4-418A-A21B-0F4069142162}.Release|Any CPU.ActiveCfg = Release|Any CPU
		{6BDF6169-8FB4-418A-A21B-0F4069142162}.Release|Any CPU.Build.0 = Release|Any CPU
		{F5A37957-FC2F-402F-9486-3E57AA916804}.Debug|Any CPU.ActiveCfg = Debug|Any CPU
		{F5A37957-FC2F-402F-9486-3E57AA916804}.Debug|Any CPU.Build.0 = Debug|Any CPU
		{F5A37957-FC2F-402F-9486-3E57AA916804}.Release|Any CPU.ActiveCfg = Release|Any CPU
		{F5A37957-FC2F-402F-9486-3E57AA916804}.Release|Any CPU.Build.0 = Release|Any CPU
		{A2492E8C-4F66-4C25-BB29-4E6A1B24688B}.Debug|Any CPU.ActiveCfg = Debug|Any CPU
		{A2492E8C-4F66-4C25-BB29-4E6A1B24688B}.Debug|Any CPU.Build.0 = Debug|Any CPU
		{A2492E8C-4F66-4C25-BB29-4E6A1B24688B}.Release|Any CPU.ActiveCfg = Release|Any CPU
		{A2492E8C-4F66-4C25-BB29-4E6A1B24688B}.Release|Any CPU.Build.0 = Release|Any CPU
	EndGlobalSection
	GlobalSection(SolutionProperties) = preSolution
		HideSolutionNode = FALSE
	EndGlobalSection
	GlobalSection(ExtensibilityGlobals) = postSolution
		SolutionGuid = {FBEC5E4F-5285-4653-A4B8-C2569D70EAFD}
	EndGlobalSection
EndGlobal
